
Microsoft Visual Studio Solution File, Format Version 12.00
# Visual Studio Version 17
VisualStudioVersion = 17.4.33103.184
MinimumVisualStudioVersion = 10.0.40219.1
Project("{888888A0-9F3D-457C-B088-3A5042F75D52}") = "PythonPerceptronApp", "PythonPerceptronApplication\PythonPerceptronApp.pyproj", "{DCF6F633-ACF2-471A-B7B7-C46EEC965122}"
EndProject
Global
	GlobalSection(SolutionConfigurationPlatforms) = preSolution
		Debug|Any CPU = Debug|Any CPU
		Release|Any CPU = Release|Any CPU
	EndGlobalSection
	GlobalSection(ProjectConfigurationPlatforms) = postSolution
		{DCF6F633-ACF2-471A-B7B7-C46EEC965122}.Debug|Any CPU.ActiveCfg = Debug|Any CPU
		{DCF6F633-ACF2-471A-B7B7-C46EEC965122}.Release|Any CPU.ActiveCfg = Release|Any CPU
	EndGlobalSection
	GlobalSection(SolutionProperties) = preSolution
		HideSolutionNode = FALSE
	EndGlobalSection
	GlobalSection(ExtensibilityGlobals) = postSolution
		SolutionGuid = {E3FFC3A9-AD0C-4650-B0A2-3A7A2FD368E7}
	EndGlobalSection
EndGlobal
